
Microsoft Visual Studio Solution File, Format Version 12.00
# Visual Studio Version 17
VisualStudioVersion = 17.10.35122.118
MinimumVisualStudioVersion = 10.0.40219.1
Project("{9A19103F-16F7-4668-BE54-9A1E7A4F7556}") = "Ribbons", "Ribbons\Ribbons.csproj", "{57E7142B-FAB7-4CA3-A833-7D28C52309A8}"
EndProject
Project("{9A19103F-16F7-4668-BE54-9A1E7A4F7556}") = "Ribbons.Serialization", "Ribbons.Serialization\Ribbons.Serialization.csproj", "{168ED47D-928B-43C4-A8C3-5533E18FCF40}"
EndProject
Project("{9A19103F-16F7-4668-BE54-9A1E7A4F7556}") = "Ribbons.Data", "Ribbons.Data\Ribbons.Data.csproj", "{B047E9FB-0939-4F7F-9DBF-4B1F4F7B00FD}"
EndProject
Project("{9A19103F-16F7-4668-BE54-9A1E7A4F7556}") = "Ribbons.Users", "Ribbons.Users\Ribbons.Users.csproj", "{952C9110-7A8B-444B-BD41-A3E5B7FB45A1}"
EndProject
Project("{2150E333-8FDC-42A3-9474-1A3956D46DE8}") = "Scripts", "Scripts", "{667863FF-0FC4-4497-BC3C-1A6ED191EF9E}"
	ProjectSection(SolutionItems) = preProject
		Scripts\CreateUserDbMigration.ps1 = Scripts\CreateUserDbMigration.ps1
	EndProjectSection
EndProject
Project("{2150E333-8FDC-42A3-9474-1A3956D46DE8}") = "Tests", "Tests", "{8811F9C2-5908-4969-B876-ED66BF8D6AC8}"
EndProject
Project("{9A19103F-16F7-4668-BE54-9A1E7A4F7556}") = "Ribbons.TestConsole", "Tests\Ribbons.TestConsole\Ribbons.TestConsole.csproj", "{A6AA40AA-972C-41D2-BABD-48DB967BA97B}"
EndProject
Project("{9A19103F-16F7-4668-BE54-9A1E7A4F7556}") = "Ribbons.Messaging", "Ribbons.Messaging\Ribbons.Messaging.csproj", "{F78E6ACA-CD5C-4441-AEFE-82BE4E3E08A2}"
EndProject
Project("{FAE04EC0-301F-11D3-BF4B-00C04F79EFBC}") = "Ribbons.Messaging.TestConsole", "Tests\Ribbons.Messaging.TestConsole\Ribbons.Messaging.TestConsole.csproj", "{1AB665D1-2B56-4DD8-B65D-CE4390917935}"
EndProject
Project("{2150E333-8FDC-42A3-9474-1A3956D46DE8}") = "Solution Items", "Solution Items", "{5B1E3DEB-56EC-4D76-9190-F361CA51232B}"
	ProjectSection(SolutionItems) = preProject
		.editorconfig = .editorconfig
	EndProjectSection
EndProject
Global
	GlobalSection(SolutionConfigurationPlatforms) = preSolution
		Debug|Any CPU = Debug|Any CPU
		Release|Any CPU = Release|Any CPU
	EndGlobalSection
	GlobalSection(ProjectConfigurationPlatforms) = postSolution
		{57E7142B-FAB7-4CA3-A833-7D28C52309A8}.Debug|Any CPU.ActiveCfg = Debug|Any CPU
		{57E7142B-FAB7-4CA3-A833-7D28C52309A8}.Debug|Any CPU.Build.0 = Debug|Any CPU
		{57E7142B-FAB7-4CA3-A833-7D28C52309A8}.Release|Any CPU.ActiveCfg = Release|Any CPU
		{57E7142B-FAB7-4CA3-A833-7D28C52309A8}.Release|Any CPU.Build.0 = Release|Any CPU
		{168ED47D-928B-43C4-A8C3-5533E18FCF40}.Debug|Any CPU.ActiveCfg = Debug|Any CPU
		{168ED47D-928B-43C4-A8C3-5533E18FCF40}.Debug|Any CPU.Build.0 = Debug|Any CPU
		{168ED47D-928B-43C4-A8C3-5533E18FCF40}.Release|Any CPU.ActiveCfg = Release|Any CPU
		{168ED47D-928B-43C4-A8C3-5533E18FCF40}.Release|Any CPU.Build.0 = Release|Any CPU
		{B047E9FB-0939-4F7F-9DBF-4B1F4F7B00FD}.Debug|Any CPU.ActiveCfg = Debug|Any CPU
		{B047E9FB-0939-4F7F-9DBF-4B1F4F7B00FD}.Debug|Any CPU.Build.0 = Debug|Any CPU
		{B047E9FB-0939-4F7F-9DBF-4B1F4F7B00FD}.Release|Any CPU.ActiveCfg = Release|Any CPU
		{B047E9FB-0939-4F7F-9DBF-4B1F4F7B00FD}.Release|Any CPU.Build.0 = Release|Any CPU
		{952C9110-7A8B-444B-BD41-A3E5B7FB45A1}.Debug|Any CPU.ActiveCfg = Debug|Any CPU
		{952C9110-7A8B-444B-BD41-A3E5B7FB45A1}.Debug|Any CPU.Build.0 = Debug|Any CPU
		{952C9110-7A8B-444B-BD41-A3E5B7FB45A1}.Release|Any CPU.ActiveCfg = Release|Any CPU
		{952C9110-7A8B-444B-BD41-A3E5B7FB45A1}.Release|Any CPU.Build.0 = Release|Any CPU
		{A6AA40AA-972C-41D2-BABD-48DB967BA97B}.Debug|Any CPU.ActiveCfg = Debug|Any CPU
		{A6AA40AA-972C-41D2-BABD-48DB967BA97B}.Debug|Any CPU.Build.0 = Debug|Any CPU
		{A6AA40AA-972C-41D2-BABD-48DB967BA97B}.Release|Any CPU.ActiveCfg = Release|Any CPU
		{A6AA40AA-972C-41D2-BABD-48DB967BA97B}.Release|Any CPU.Build.0 = Release|Any CPU
		{F78E6ACA-CD5C-4441-AEFE-82BE4E3E08A2}.Debug|Any CPU.ActiveCfg = Debug|Any CPU
		{F78E6ACA-CD5C-4441-AEFE-82BE4E3E08A2}.Debug|Any CPU.Build.0 = Debug|Any CPU
		{F78E6ACA-CD5C-4441-AEFE-82BE4E3E08A2}.Release|Any CPU.ActiveCfg = Release|Any CPU
		{F78E6ACA-CD5C-4441-AEFE-82BE4E3E08A2}.Release|Any CPU.Build.0 = Release|Any CPU
		{1AB665D1-2B56-4DD8-B65D-CE4390917935}.Debug|Any CPU.ActiveCfg = Debug|Any CPU
		{1AB665D1-2B56-4DD8-B65D-CE4390917935}.Debug|Any CPU.Build.0 = Debug|Any CPU
		{1AB665D1-2B56-4DD8-B65D-CE4390917935}.Release|Any CPU.ActiveCfg = Release|Any CPU
		{1AB665D1-2B56-4DD8-B65D-CE4390917935}.Release|Any CPU.Build.0 = Release|Any CPU
	EndGlobalSection
	GlobalSection(SolutionProperties) = preSolution
		HideSolutionNode = FALSE
	EndGlobalSection
	GlobalSection(NestedProjects) = preSolution
		{A6AA40AA-972C-41D2-BABD-48DB967BA97B} = {8811F9C2-5908-4969-B876-ED66BF8D6AC8}
		{1AB665D1-2B56-4DD8-B65D-CE4390917935} = {8811F9C2-5908-4969-B876-ED66BF8D6AC8}
	EndGlobalSection
	GlobalSection(ExtensibilityGlobals) = postSolution
		SolutionGuid = {0E75E566-0CF3-4863-8BE3-63173E08FAC5}
	EndGlobalSection
EndGlobal
